github.com/asaskevich/govalidator v0.0.0-20200428143746-21a406dcc535 h1:4daAzAu0S6Vi7/lbWECcX0j45yZReDZ56BQsrVBOEEY=
github.com/asaskevich/govalidator v0.0.0-20200428143746-21a406dcc535/go.mod h1:oGkLhpf+kjZl6xBf758TQhh5XrAeiJv/7FRz/2spLIg=
github.com/asaskevich/govalidator v0.0.0-20200819183940-29e1ff8eb0bb h1:kvlW1qyM1aU3xeyeIVTU2jx5fSvjKpsU3aXvuaCMg3Q=
github.com/asaskevich/govalidator v0.0.0-20200819183940-29e1ff8eb0bb/go.mod h1:WaHUgvxTVq04UNunO+XhnAqY/wQc+bxr74GqbsZ/Jqw=
